
Microsoft Visual Studio Solution File, Format Version 12.00
# Visual Studio Version 17
VisualStudioVersion = 17.5.33312.197
MinimumVisualStudioVersion = 10.0.40219.1
Project("{8BC9CEB8-8B4A-11D0-8D11-00A0C91BC942}") = "GTA5-SpawningBlock-bypass", "GTA5-SpawningBlock-bypass.vcxproj", "{5A9C7A91-189D-4ED0-B475-E3181BD30772}"
EndProject
Global
	GlobalSection(SolutionConfigurationPlatforms) = preSolution
		Debug|x64 = Debug|x64
		Debug|x86 = Debug|x86
		Release|x64 = Release|x64
		Release|x86 = Release|x86
	EndGlobalSection
	GlobalSection(ProjectConfigurationPlatforms) = postSolution
		{5A9C7A91-189D-4ED0-B475-E3181BD30772}.Debug|x64.ActiveCfg = Debug|x64
		{5A9C7A91-189D-4ED0-B475-E3181BD30772}.Debug|x64.Build.0 = Debug|x64
		{5A9C7A91-189D-4ED0-B475-E3181BD30772}.Debug|x86.ActiveCfg = Debug|Win32
		{5A9C7A91-189D-4ED0-B475-E3181BD30772}.Debug|x86.Build.0 = Debug|Win32
		{5A9C7A91-189D-4ED0-B475-E3181BD30772}.Release|x64.ActiveCfg = Release|x64
		{5A9C7A91-189D-4ED0-B475-E3181BD30772}.Release|x64.Build.0 = Release|x64
		{5A9C7A91-189D-4ED0-B475-E3181BD30772}.Release|x86.ActiveCfg = Release|Win32
		{5A9C7A91-189D-4ED0-B475-E3181BD30772}.Release|x86.Build.0 = Release|Win32
	EndGlobalSection
	GlobalSection(SolutionProperties) = preSolution
		HideSolutionNode = FALSE
	EndGlobalSection
	GlobalSection(ExtensibilityGlobals) = postSolution
		SolutionGuid = {4B0258E2-1CE3-40E3-A66B-48BE3429E8D9}
	EndGlobalSection
EndGlobal
